// !$*UTF8*$!
{
	archiveVersion = 1;
	classes = {
	};
	objectVersion = 46;
	objects = {

/* Begin PBXBuildFile section */
		0A1A328C1F3A08A90074C78B /* AppDelegate.swift in Sources */ = {isa = PBXBuildFile; fileRef = 0A1A328B1F3A08A90074C78B /* AppDelegate.swift */; };
		0A1A32A11F3A08A90074C78B /* FavouriteRestaurantsTests.swift in Sources */ = {isa = PBXBuildFile; fileRef = 0A1A32A01F3A08A90074C78B /* FavouriteRestaurantsTests.swift */; };
		0A1A32B41F3A099B0074C78B /* LaunchScreen.storyboard in Resources */ = {isa = PBXBuildFile; fileRef = 0A1A32B21F3A099B0074C78B /* LaunchScreen.storyboard */; };
		0A1A32B71F3A09A30074C78B /* Assets.xcassets in Resources */ = {isa = PBXBuildFile; fileRef = 0A1A32B61F3A09A30074C78B /* Assets.xcassets */; };
		0A1CF8E01F46539A00B83C6A /* RestaurantDetailListCell.swift in Sources */ = {isa = PBXBuildFile; fileRef = 0A1CF8DF1F46539A00B83C6A /* RestaurantDetailListCell.swift */; };
		0A1CF8E31F4653F800B83C6A /* RestaurantDetailDataSource.swift in Sources */ = {isa = PBXBuildFile; fileRef = 0A1CF8E21F4653F800B83C6A /* RestaurantDetailDataSource.swift */; };
		0A2A38601F3B32A400BFA696 /* restaurants.json in Resources */ = {isa = PBXBuildFile; fileRef = 0A2A385F1F3B32A400BFA696 /* restaurants.json */; };
		0A2A38621F3B336C00BFA696 /* RestaurantServiceEndPoint.swift in Sources */ = {isa = PBXBuildFile; fileRef = 0A2A38611F3B336C00BFA696 /* RestaurantServiceEndPoint.swift */; };
		0A2A38671F3B33F400BFA696 /* RestaurantItem.swift in Sources */ = {isa = PBXBuildFile; fileRef = 0A2A38661F3B33F400BFA696 /* RestaurantItem.swift */; };
		0A2A386A1F3B3BAF00BFA696 /* BaseController.swift in Sources */ = {isa = PBXBuildFile; fileRef = 0A2A38691F3B3BAF00BFA696 /* BaseController.swift */; };
		0A2A386D1F3B3BFD00BFA696 /* ThemeManager.swift in Sources */ = {isa = PBXBuildFile; fileRef = 0A2A386C1F3B3BFD00BFA696 /* ThemeManager.swift */; };
		0A2A38701F3B3D9300BFA696 /* RestaurantListController.swift in Sources */ = {isa = PBXBuildFile; fileRef = 0A2A386F1F3B3D9300BFA696 /* RestaurantListController.swift */; };
		0A2A38751F3B3E9F00BFA696 /* RestaurantListCell.swift in Sources */ = {isa = PBXBuildFile; fileRef = 0A2A38741F3B3E9F00BFA696 /* RestaurantListCell.swift */; };
		0A3D2ECB1F3DD2E100DF86CC /* UIAlertController+Extensions.swift in Sources */ = {isa = PBXBuildFile; fileRef = 0A3D2ECA1F3DD2E100DF86CC /* UIAlertController+Extensions.swift */; };
		0A3D2ECE1F3DF4A500DF86CC /* FavouriteItem.swift in Sources */ = {isa = PBXBuildFile; fileRef = 0A3D2ECD1F3DF4A500DF86CC /* FavouriteItem.swift */; };
		0A3D2ED51F3DFDF300DF86CC /* FavouriteListController.swift in Sources */ = {isa = PBXBuildFile; fileRef = 0A3D2ED41F3DFDF300DF86CC /* FavouriteListController.swift */; };
		0A41D1E31F40F5FE006E7A8A /* RestaurantDetailController.swift in Sources */ = {isa = PBXBuildFile; fileRef = 0A41D1E21F40F5FE006E7A8A /* RestaurantDetailController.swift */; };
		0A41D2111F41F9EB006E7A8A /* RestaurantListDataSource.swift in Sources */ = {isa = PBXBuildFile; fileRef = 0A41D2101F41F9EB006E7A8A /* RestaurantListDataSource.swift */; };
		0A41D2131F41FB94006E7A8A /* Sorting.swift in Sources */ = {isa = PBXBuildFile; fileRef = 0A41D2121F41FB94006E7A8A /* Sorting.swift */; };
		0A54FE951F44BB7C00DEA50D /* RestaurantDetail.storyboard in Resources */ = {isa = PBXBuildFile; fileRef = 0A54FE941F44BB7C00DEA50D /* RestaurantDetail.storyboard */; };
		0A567B961F4601090012697B /* FavouriteListDataSource.swift in Sources */ = {isa = PBXBuildFile; fileRef = 0A567B951F4601090012697B /* FavouriteListDataSource.swift */; };
		0A67A9BF1F3B4BDC0065C389 /* RestaurantListViewModel.swift in Sources */ = {isa = PBXBuildFile; fileRef = 0A67A9BE1F3B4BDC0065C389 /* RestaurantListViewModel.swift */; };
		0A67A9C31F3B51190065C389 /* Meter+Double.swift in Sources */ = {isa = PBXBuildFile; fileRef = 0A67A9C21F3B51190065C389 /* Meter+Double.swift */; };
		0A67A9C71F3B55CE0065C389 /* FloatingButton.swift in Sources */ = {isa = PBXBuildFile; fileRef = 0A67A9C61F3B55CE0065C389 /* FloatingButton.swift */; };
		0A67A9CA1F3B5A6C0065C389 /* UIColor+Extensions.swift in Sources */ = {isa = PBXBuildFile; fileRef = 0A67A9C91F3B5A6C0065C389 /* UIColor+Extensions.swift */; };
		0A9BBC4B212C911400B13363 /* Coordinator.swift in Sources */ = {isa = PBXBuildFile; fileRef = 0A9BBC4A212C911400B13363 /* Coordinator.swift */; };
		0A9BBC4E212C913600B13363 /* RestaurantDetailCoordinator.swift in Sources */ = {isa = PBXBuildFile; fileRef = 0A9BBC4D212C913600B13363 /* RestaurantDetailCoordinator.swift */; };
		0A9BBC51212C91C800B13363 /* AppCoordinator.swift in Sources */ = {isa = PBXBuildFile; fileRef = 0A9BBC50212C91C800B13363 /* AppCoordinator.swift */; };
		0A9BBC54212C955F00B13363 /* FavouriteListCoordinator.swift in Sources */ = {isa = PBXBuildFile; fileRef = 0A9BBC53212C955F00B13363 /* FavouriteListCoordinator.swift */; };
		0A9BBC57212C97E700B13363 /* RestaurantListCoordinator.swift in Sources */ = {isa = PBXBuildFile; fileRef = 0A9BBC56212C97E700B13363 /* RestaurantListCoordinator.swift */; };
		0AAD9B1D212B81600077C716 /* RestaurantServiceError.swift in Sources */ = {isa = PBXBuildFile; fileRef = 0AAD9B1C212B81600077C716 /* RestaurantServiceError.swift */; };
		0AAD9B21212B88170077C716 /* Config.swift in Sources */ = {isa = PBXBuildFile; fileRef = 0AAD9B20212B88170077C716 /* Config.swift */; };
		0AAD9B23212B8EF80077C716 /* RestaurantServiceProvider.swift in Sources */ = {isa = PBXBuildFile; fileRef = 0AAD9B22212B8EF80077C716 /* RestaurantServiceProvider.swift */; };
		0AAD9B26212B905A0077C716 /* Requestable.swift in Sources */ = {isa = PBXBuildFile; fileRef = 0AAD9B25212B905A0077C716 /* Requestable.swift */; };
		0AB4277E1F3B78C3003291E8 /* WebServiceLogger.swift in Sources */ = {isa = PBXBuildFile; fileRef = 0AB4277D1F3B78C3003291E8 /* WebServiceLogger.swift */; };
		0ACAD58A1F46100F00B04949 /* RestaurantListViewModel.swift in Sources */ = {isa = PBXBuildFile; fileRef = 0A67A9BE1F3B4BDC0065C389 /* RestaurantListViewModel.swift */; };
		0ACAD58B1F46101500B04949 /* RestaurantItem.swift in Sources */ = {isa = PBXBuildFile; fileRef = 0A2A38661F3B33F400BFA696 /* RestaurantItem.swift */; };
		0ACAD58D1F46108000B04949 /* Meter+Double.swift in Sources */ = {isa = PBXBuildFile; fileRef = 0A67A9C21F3B51190065C389 /* Meter+Double.swift */; };
		0ACAD5911F4616CB00B04949 /* RestaurantListDataSource.swift in Sources */ = {isa = PBXBuildFile; fileRef = 0A41D2101F41F9EB006E7A8A /* RestaurantListDataSource.swift */; };
		0AEC46A71F3EE88B001C54A0 /* RestaurantFilterController.swift in Sources */ = {isa = PBXBuildFile; fileRef = 0AEC46A61F3EE88B001C54A0 /* RestaurantFilterController.swift */; };
		0AEC46AA1F3F052E001C54A0 /* FavouriteListCell.swift in Sources */ = {isa = PBXBuildFile; fileRef = 0AEC46A91F3F052E001C54A0 /* FavouriteListCell.swift */; };
		0AEC46AC1F3F0845001C54A0 /* FavoruiteList.storyboard in Resources */ = {isa = PBXBuildFile; fileRef = 0AEC46AB1F3F0845001C54A0 /* FavoruiteList.storyboard */; };
		0AEC46AE1F3F090A001C54A0 /* RestaurantList.storyboard in Resources */ = {isa = PBXBuildFile; fileRef = 0AEC46AD1F3F090A001C54A0 /* RestaurantList.storyboard */; };
		0AEC46B11F3F2E9C001C54A0 /* RestaurantFilterListCell.swift in Sources */ = {isa = PBXBuildFile; fileRef = 0AEC46B01F3F2E9C001C54A0 /* RestaurantFilterListCell.swift */; };
		0AEC46B41F3F33B9001C54A0 /* RestaurantFilterListViewModel.swift in Sources */ = {isa = PBXBuildFile; fileRef = 0AEC46B31F3F33B8001C54A0 /* RestaurantFilterListViewModel.swift */; };
		0AEC46B71F3F36F9001C54A0 /* FilterItem.swift in Sources */ = {isa = PBXBuildFile; fileRef = 0AEC46B61F3F36F9001C54A0 /* FilterItem.swift */; };
		0AEC46BA1F3F3F14001C54A0 /* CircularTransition.swift in Sources */ = {isa = PBXBuildFile; fileRef = 0AEC46B91F3F3F14001C54A0 /* CircularTransition.swift */; };
		B20B061F14AF3BF74103D4A8 /* Pods_FavouriteRestaurants.framework in Frameworks */ = {isa = PBXBuildFile; fileRef = 4B272B34D5C46847585ECD8D /* Pods_FavouriteRestaurants.framework */; };
		F7F4EB222BD3256C26566BC3 /* Pods_FavouriteRestaurantsTests.framework in Frameworks */ = {isa = PBXBuildFile; fileRef = B28A60BE8A702FFD05B8788C /* Pods_FavouriteRestaurantsTests.framework */; };
/* End PBXBuildFile section */

/* Begin PBXContainerItemProxy section */
		0A1A329D1F3A08A90074C78B /* PBXContainerItemProxy */ = {
			isa = PBXContainerItemProxy;
			containerPortal = 0A1A32801F3A08A90074C78B /* Project object */;
			proxyType = 1;
			remoteGlobalIDString = 0A1A32871F3A08A90074C78B;
			remoteInfo = FavouriteRestaurants;
		};
/* End PBXContainerItemProxy section */

/* Begin PBXFileReference section */
		0A1A32881F3A08A90074C78B /* FavouriteRestaurants.app */ = {isa = PBXFileReference; explicitFileType = wrapper.application; includeInIndex = 0; path = FavouriteRestaurants.app; sourceTree = BUILT_PRODUCTS_DIR; };
		0A1A328B1F3A08A90074C78B /* AppDelegate.swift */ = {isa = PBXFileReference; lastKnownFileType = sourcecode.swift; path = AppDelegate.swift; sourceTree = "<group>"; };
		0A1A32971F3A08A90074C78B /* Info.plist */ = {isa = PBXFileReference; lastKnownFileType = text.plist.xml; path = Info.plist; sourceTree = "<group>"; };
		0A1A329C1F3A08A90074C78B /* FavouriteRestaurantsTests.xctest */ = {isa = PBXFileReference; explicitFileType = wrapper.cfbundle; includeInIndex = 0; path = FavouriteRestaurantsTests.xctest; sourceTree = BUILT_PRODUCTS_DIR; };
		0A1A32A01F3A08A90074C78B /* FavouriteRestaurantsTests.swift */ = {isa = PBXFileReference; lastKnownFileType = sourcecode.swift; path = FavouriteRestaurantsTests.swift; sourceTree = "<group>"; };
		0A1A32A21F3A08A90074C78B /* Info.plist */ = {isa = PBXFileReference; lastKnownFileType = text.plist.xml; path = Info.plist; sourceTree = "<group>"; };
		0A1A32B21F3A099B0074C78B /* LaunchScreen.storyboard */ = {isa = PBXFileReference; fileEncoding = 4; lastKnownFileType = file.storyboard; path = LaunchScreen.storyboard; sourceTree = "<group>"; };
		0A1A32B61F3A09A30074C78B /* Assets.xcassets */ = {isa = PBXFileReference; lastKnownFileType = folder.assetcatalog; path = Assets.xcassets; sourceTree = "<group>"; };
		0A1CF8DF1F46539A00B83C6A /* RestaurantDetailListCell.swift */ = {isa = PBXFileReference; fileEncoding = 4; lastKnownFileType = sourcecode.swift; path = RestaurantDetailListCell.swift; sourceTree = "<group>"; };
		0A1CF8E21F4653F800B83C6A /* RestaurantDetailDataSource.swift */ = {isa = PBXFileReference; fileEncoding = 4; lastKnownFileType = sourcecode.swift; path = RestaurantDetailDataSource.swift; sourceTree = "<group>"; };
		0A2A385F1F3B32A400BFA696 /* restaurants.json */ = {isa = PBXFileReference; fileEncoding = 4; lastKnownFileType = text.json; path = restaurants.json; sourceTree = "<group>"; };
		0A2A38611F3B336C00BFA696 /* RestaurantServiceEndPoint.swift */ = {isa = PBXFileReference; fileEncoding = 4; lastKnownFileType = sourcecode.swift; path = RestaurantServiceEndPoint.swift; sourceTree = "<group>"; };
		0A2A38661F3B33F400BFA696 /* RestaurantItem.swift */ = {isa = PBXFileReference; fileEncoding = 4; lastKnownFileType = sourcecode.swift; path = RestaurantItem.swift; sourceTree = "<group>"; };
		0A2A38691F3B3BAF00BFA696 /* BaseController.swift */ = {isa = PBXFileReference; fileEncoding = 4; lastKnownFileType = sourcecode.swift; path = BaseController.swift; sourceTree = "<group>"; };
		0A2A386C1F3B3BFD00BFA696 /* ThemeManager.swift */ = {isa = PBXFileReference; fileEncoding = 4; lastKnownFileType = sourcecode.swift; path = ThemeManager.swift; sourceTree = "<group>"; };
		0A2A386F1F3B3D9300BFA696 /* RestaurantListController.swift */ = {isa = PBXFileReference; fileEncoding = 4; lastKnownFileType = sourcecode.swift; path = RestaurantListController.swift; sourceTree = "<group>"; };
		0A2A38741F3B3E9F00BFA696 /* RestaurantListCell.swift */ = {isa = PBXFileReference; fileEncoding = 4; lastKnownFileType = sourcecode.swift; path = RestaurantListCell.swift; sourceTree = "<group>"; };
		0A3D2ECA1F3DD2E100DF86CC /* UIAlertController+Extensions.swift */ = {isa = PBXFileReference; fileEncoding = 4; lastKnownFileType = sourcecode.swift; path = "UIAlertController+Extensions.swift"; sourceTree = "<group>"; };
		0A3D2ECD1F3DF4A500DF86CC /* FavouriteItem.swift */ = {isa = PBXFileReference; fileEncoding = 4; lastKnownFileType = sourcecode.swift; path = FavouriteItem.swift; sourceTree = "<group>"; };
		0A3D2ED41F3DFDF300DF86CC /* FavouriteListController.swift */ = {isa = PBXFileReference; fileEncoding = 4; lastKnownFileType = sourcecode.swift; path = FavouriteListController.swift; sourceTree = "<group>"; };
		0A41D1E21F40F5FE006E7A8A /* RestaurantDetailController.swift */ = {isa = PBXFileReference; fileEncoding = 4; lastKnownFileType = sourcecode.swift; path = RestaurantDetailController.swift; sourceTree = "<group>"; };
		0A41D2101F41F9EB006E7A8A /* RestaurantListDataSource.swift */ = {isa = PBXFileReference; fileEncoding = 4; lastKnownFileType = sourcecode.swift; path = RestaurantListDataSource.swift; sourceTree = "<group>"; };
		0A41D2121F41FB94006E7A8A /* Sorting.swift */ = {isa = PBXFileReference; fileEncoding = 4; lastKnownFileType = sourcecode.swift; path = Sorting.swift; sourceTree = "<group>"; };
		0A54FE941F44BB7C00DEA50D /* RestaurantDetail.storyboard */ = {isa = PBXFileReference; fileEncoding = 4; lastKnownFileType = file.storyboard; path = RestaurantDetail.storyboard; sourceTree = "<group>"; };
		0A567B951F4601090012697B /* FavouriteListDataSource.swift */ = {isa = PBXFileReference; fileEncoding = 4; lastKnownFileType = sourcecode.swift; path = FavouriteListDataSource.swift; sourceTree = "<group>"; };
		0A67A9BE1F3B4BDC0065C389 /* RestaurantListViewModel.swift */ = {isa = PBXFileReference; fileEncoding = 4; lastKnownFileType = sourcecode.swift; path = RestaurantListViewModel.swift; sourceTree = "<group>"; };
		0A67A9C21F3B51190065C389 /* Meter+Double.swift */ = {isa = PBXFileReference; fileEncoding = 4; lastKnownFileType = sourcecode.swift; path = "Meter+Double.swift"; sourceTree = "<group>"; };
		0A67A9C61F3B55CE0065C389 /* FloatingButton.swift */ = {isa = PBXFileReference; fileEncoding = 4; lastKnownFileType = sourcecode.swift; path = FloatingButton.swift; sourceTree = "<group>"; };
		0A67A9C91F3B5A6C0065C389 /* UIColor+Extensions.swift */ = {isa = PBXFileReference; fileEncoding = 4; lastKnownFileType = sourcecode.swift; path = "UIColor+Extensions.swift"; sourceTree = "<group>"; };
		0A9BBC4A212C911400B13363 /* Coordinator.swift */ = {isa = PBXFileReference; lastKnownFileType = sourcecode.swift; path = Coordinator.swift; sourceTree = "<group>"; };
		0A9BBC4D212C913600B13363 /* RestaurantDetailCoordinator.swift */ = {isa = PBXFileReference; lastKnownFileType = sourcecode.swift; path = RestaurantDetailCoordinator.swift; sourceTree = "<group>"; };
		0A9BBC50212C91C800B13363 /* AppCoordinator.swift */ = {isa = PBXFileReference; lastKnownFileType = sourcecode.swift; path = AppCoordinator.swift; sourceTree = "<group>"; };
		0A9BBC53212C955F00B13363 /* FavouriteListCoordinator.swift */ = {isa = PBXFileReference; lastKnownFileType = sourcecode.swift; path = FavouriteListCoordinator.swift; sourceTree = "<group>"; };
		0A9BBC56212C97E700B13363 /* RestaurantListCoordinator.swift */ = {isa = PBXFileReference; lastKnownFileType = sourcecode.swift; path = RestaurantListCoordinator.swift; sourceTree = "<group>"; };
		0AAD9B1C212B81600077C716 /* RestaurantServiceError.swift */ = {isa = PBXFileReference; lastKnownFileType = sourcecode.swift; path = RestaurantServiceError.swift; sourceTree = "<group>"; };
		0AAD9B20212B88170077C716 /* Config.swift */ = {isa = PBXFileReference; lastKnownFileType = sourcecode.swift; path = Config.swift; sourceTree = "<group>"; };
		0AAD9B22212B8EF80077C716 /* RestaurantServiceProvider.swift */ = {isa = PBXFileReference; lastKnownFileType = sourcecode.swift; path = RestaurantServiceProvider.swift; sourceTree = "<group>"; };
		0AAD9B25212B905A0077C716 /* Requestable.swift */ = {isa = PBXFileReference; lastKnownFileType = sourcecode.swift; path = Requestable.swift; sourceTree = "<group>"; };
		0AB4277D1F3B78C3003291E8 /* WebServiceLogger.swift */ = {isa = PBXFileReference; fileEncoding = 4; lastKnownFileType = sourcecode.swift; path = WebServiceLogger.swift; sourceTree = "<group>"; };
		0AEC46A61F3EE88B001C54A0 /* RestaurantFilterController.swift */ = {isa = PBXFileReference; fileEncoding = 4; lastKnownFileType = sourcecode.swift; path = RestaurantFilterController.swift; sourceTree = "<group>"; };
		0AEC46A91F3F052E001C54A0 /* FavouriteListCell.swift */ = {isa = PBXFileReference; fileEncoding = 4; lastKnownFileType = sourcecode.swift; path = FavouriteListCell.swift; sourceTree = "<group>"; };
		0AEC46AB1F3F0845001C54A0 /* FavoruiteList.storyboard */ = {isa = PBXFileReference; fileEncoding = 4; lastKnownFileType = file.storyboard; path = FavoruiteList.storyboard; sourceTree = "<group>"; };
		0AEC46AD1F3F090A001C54A0 /* RestaurantList.storyboard */ = {isa = PBXFileReference; fileEncoding = 4; lastKnownFileType = file.storyboard; path = RestaurantList.storyboard; sourceTree = "<group>"; };
		0AEC46B01F3F2E9C001C54A0 /* RestaurantFilterListCell.swift */ = {isa = PBXFileReference; fileEncoding = 4; lastKnownFileType = sourcecode.swift; path = RestaurantFilterListCell.swift; sourceTree = "<group>"; };
		0AEC46B31F3F33B8001C54A0 /* RestaurantFilterListViewModel.swift */ = {isa = PBXFileReference; fileEncoding = 4; lastKnownFileType = sourcecode.swift; path = RestaurantFilterListViewModel.swift; sourceTree = "<group>"; };
		0AEC46B61F3F36F9001C54A0 /* FilterItem.swift */ = {isa = PBXFileReference; fileEncoding = 4; lastKnownFileType = sourcecode.swift; path = FilterItem.swift; sourceTree = "<group>"; };
		0AEC46B91F3F3F14001C54A0 /* CircularTransition.swift */ = {isa = PBXFileReference; fileEncoding = 4; lastKnownFileType = sourcecode.swift; path = CircularTransition.swift; sourceTree = "<group>"; };
		4B272B34D5C46847585ECD8D /* Pods_FavouriteRestaurants.framework */ = {isa = PBXFileReference; explicitFileType = wrapper.framework; includeInIndex = 0; path = Pods_FavouriteRestaurants.framework; sourceTree = BUILT_PRODUCTS_DIR; };
		7968C3F884711817301BB767 /* Pods-FavouriteRestaurantsTests.debug.xcconfig */ = {isa = PBXFileReference; includeInIndex = 1; lastKnownFileType = text.xcconfig; name = "Pods-FavouriteRestaurantsTests.debug.xcconfig"; path = "Pods/Target Support Files/Pods-FavouriteRestaurantsTests/Pods-FavouriteRestaurantsTests.debug.xcconfig"; sourceTree = "<group>"; };
		861576B4EE09B889562D20DC /* Pods-FavouriteRestaurants.release.xcconfig */ = {isa = PBXFileReference; includeInIndex = 1; lastKnownFileType = text.xcconfig; name = "Pods-FavouriteRestaurants.release.xcconfig"; path = "Pods/Target Support Files/Pods-FavouriteRestaurants/Pods-FavouriteRestaurants.release.xcconfig"; sourceTree = "<group>"; };
		9CC259AE6D288322A65561E4 /* Pods-FavouriteRestaurants.debug.xcconfig */ = {isa = PBXFileReference; includeInIndex = 1; lastKnownFileType = text.xcconfig; name = "Pods-FavouriteRestaurants.debug.xcconfig"; path = "Pods/Target Support Files/Pods-FavouriteRestaurants/Pods-FavouriteRestaurants.debug.xcconfig"; sourceTree = "<group>"; };
		B28A60BE8A702FFD05B8788C /* Pods_FavouriteRestaurantsTests.framework */ = {isa = PBXFileReference; explicitFileType = wrapper.framework; includeInIndex = 0; path = Pods_FavouriteRestaurantsTests.framework; sourceTree = BUILT_PRODUCTS_DIR; };
		E65995A032E079AE6CA6B0F2 /* Pods-FavouriteRestaurantsTests.release.xcconfig */ = {isa = PBXFileReference; includeInIndex = 1; lastKnownFileType = text.xcconfig; name = "Pods-FavouriteRestaurantsTests.release.xcconfig"; path = "Pods/Target Support Files/Pods-FavouriteRestaurantsTests/Pods-FavouriteRestaurantsTests.release.xcconfig"; sourceTree = "<group>"; };
/* End PBXFileReference section */

/* Begin PBXFrameworksBuildPhase section */
		0A1A32851F3A08A90074C78B /* Frameworks */ = {
			isa = PBXFrameworksBuildPhase;
			buildActionMask = 2147483647;
			files = (
				B20B061F14AF3BF74103D4A8 /* Pods_FavouriteRestaurants.framework in Frameworks */,
			);
			runOnlyForDeploymentPostprocessing = 0;
		};
		0A1A32991F3A08A90074C78B /* Frameworks */ = {
			isa = PBXFrameworksBuildPhase;
			buildActionMask = 2147483647;
			files = (
				F7F4EB222BD3256C26566BC3 /* Pods_FavouriteRestaurantsTests.framework in Frameworks */,
			);
			runOnlyForDeploymentPostprocessing = 0;
		};
/* End PBXFrameworksBuildPhase section */

/* Begin PBXGroup section */
		0A1A327F1F3A08A90074C78B = {
			isa = PBXGroup;
			children = (
				0A1A328A1F3A08A90074C78B /* FavouriteRestaurants */,
				0A1A329F1F3A08A90074C78B /* FavouriteRestaurantsTests */,
				0A1A32891F3A08A90074C78B /* Products */,
				4F03834E12BE47A871384BC7 /* Pods */,
				CE2A5EB4CF69D0B29264310D /* Frameworks */,
			);
			sourceTree = "<group>";
		};
		0A1A32891F3A08A90074C78B /* Products */ = {
			isa = PBXGroup;
			children = (
				0A1A32881F3A08A90074C78B /* FavouriteRestaurants.app */,
				0A1A329C1F3A08A90074C78B /* FavouriteRestaurantsTests.xctest */,
			);
			name = Products;
			sourceTree = "<group>";
		};
		0A1A328A1F3A08A90074C78B /* FavouriteRestaurants */ = {
			isa = PBXGroup;
			children = (
				0AAD9B1E212B87FD0077C716 /* Defines */,
				0A1A32BB1F3A09F20074C78B /* Service */,
				0A1A32BA1F3A09EC0074C78B /* ViewModel */,
				0A1A32B91F3A09E70074C78B /* View */,
				0A1A32B81F3A09E20074C78B /* Model */,
				0A1A32AB1F3A08E00074C78B /* Controllers */,
				0A54FE921F44B3F000DEA50D /* DataSource */,
				0A67A9C01F3B50B50065C389 /* Extensions */,
				0A2A385B1F3B325B00BFA696 /* Externals */,
				0A1A32AF1F3A093A0074C78B /* UI */,
				0A1A328B1F3A08A90074C78B /* AppDelegate.swift */,
				0A1A32971F3A08A90074C78B /* Info.plist */,
			);
			path = FavouriteRestaurants;
			sourceTree = "<group>";
		};
		0A1A329F1F3A08A90074C78B /* FavouriteRestaurantsTests */ = {
			isa = PBXGroup;
			children = (
				0A1A32A01F3A08A90074C78B /* FavouriteRestaurantsTests.swift */,
				0A1A32A21F3A08A90074C78B /* Info.plist */,
			);
			path = FavouriteRestaurantsTests;
			sourceTree = "<group>";
		};
		0A1A32AB1F3A08E00074C78B /* Controllers */ = {
			isa = PBXGroup;
			children = (
				0A9BBC48212C90A400B13363 /* Coordinators */,
				0AEC46A51F3EE84A001C54A0 /* Filter */,
				0A2A38681F3B3B8900BFA696 /* Base */,
				0A41D1E11F40F5E1006E7A8A /* RestaurantDetail */,
				0A1A32AC1F3A090C0074C78B /* Main */,
			);
			path = Controllers;
			sourceTree = "<group>";
		};
		0A1A32AC1F3A090C0074C78B /* Main */ = {
			isa = PBXGroup;
			children = (
				0A3D2ED31F3DFDCE00DF86CC /* FavouriteList */,
				0A2A386E1F3B3D7900BFA696 /* RestaurantList */,
			);
			path = Main;
			sourceTree = "<group>";
		};
		0A1A32AF1F3A093A0074C78B /* UI */ = {
			isa = PBXGroup;
			children = (
				0A1A32B11F3A09630074C78B /* Assets */,
				0A1A32B01F3A095D0074C78B /* Storyboards */,
			);
			path = UI;
			sourceTree = "<group>";
		};
		0A1A32B01F3A095D0074C78B /* Storyboards */ = {
			isa = PBXGroup;
			children = (
				0A1A32B21F3A099B0074C78B /* LaunchScreen.storyboard */,
				0AEC46AD1F3F090A001C54A0 /* RestaurantList.storyboard */,
				0AEC46AB1F3F0845001C54A0 /* FavoruiteList.storyboard */,
				0A54FE941F44BB7C00DEA50D /* RestaurantDetail.storyboard */,
			);
			path = Storyboards;
			sourceTree = "<group>";
		};
		0A1A32B11F3A09630074C78B /* Assets */ = {
			isa = PBXGroup;
			children = (
				0A1A32B61F3A09A30074C78B /* Assets.xcassets */,
			);
			path = Assets;
			sourceTree = "<group>";
		};
		0A1A32B81F3A09E20074C78B /* Model */ = {
			isa = PBXGroup;
			children = (
				0AEC46B51F3F36E3001C54A0 /* Filter */,
				0A2A38641F3B33C700BFA696 /* Main */,
			);
			path = Model;
			sourceTree = "<group>";
		};
		0A1A32B91F3A09E70074C78B /* View */ = {
			isa = PBXGroup;
			children = (
				0AEC46B81F3F3EF2001C54A0 /* Transitions */,
				0A67A9C41F3B558C0065C389 /* Custom */,
				0A2A386B1F3B3BD800BFA696 /* ThemeManager */,
				0AEC46AF1F3F2E69001C54A0 /* Filter */,
				0A2A38631F3B33B700BFA696 /* Main */,
				0A1CF8DE1F46536900B83C6A /* RestaurantDetail */,
			);
			path = View;
			sourceTree = "<group>";
		};
		0A1A32BA1F3A09EC0074C78B /* ViewModel */ = {
			isa = PBXGroup;
			children = (
				0AEC46B21F3F339D001C54A0 /* Filter */,
				0A2A38721F3B3E1400BFA696 /* Main */,
			);
			path = ViewModel;
			sourceTree = "<group>";
		};
		0A1A32BB1F3A09F20074C78B /* Service */ = {
			isa = PBXGroup;
			children = (
				0AAD9B24212B90250077C716 /* Base */,
				0AAD9B12212B7E510077C716 /* Provider */,
				0AAD9B13212B7E5B0077C716 /* Logger */,
			);
			path = Service;
			sourceTree = "<group>";
		};
		0A1CF8DE1F46536900B83C6A /* RestaurantDetail */ = {
			isa = PBXGroup;
			children = (
				0A1CF8DF1F46539A00B83C6A /* RestaurantDetailListCell.swift */,
			);
			path = RestaurantDetail;
			sourceTree = "<group>";
		};
		0A1CF8E11F4653D800B83C6A /* RestaurantDetail */ = {
			isa = PBXGroup;
			children = (
				0A1CF8E21F4653F800B83C6A /* RestaurantDetailDataSource.swift */,
			);
			path = RestaurantDetail;
			sourceTree = "<group>";
		};
		0A2A385B1F3B325B00BFA696 /* Externals */ = {
			isa = PBXGroup;
			children = (
				0A2A385C1F3B328500BFA696 /* JSON */,
			);
			path = Externals;
			sourceTree = "<group>";
		};
		0A2A385C1F3B328500BFA696 /* JSON */ = {
			isa = PBXGroup;
			children = (
				0A2A385F1F3B32A400BFA696 /* restaurants.json */,
			);
			path = JSON;
			sourceTree = "<group>";
		};
		0A2A38631F3B33B700BFA696 /* Main */ = {
			isa = PBXGroup;
			children = (
				0AEC46A81F3F04EF001C54A0 /* FavouriteList */,
				0A2A38711F3B3DF000BFA696 /* RestaurantList */,
			);
			path = Main;
			sourceTree = "<group>";
		};
		0A2A38641F3B33C700BFA696 /* Main */ = {
			isa = PBXGroup;
			children = (
				0A3D2ECC1F3DF47500DF86CC /* FavouriteList */,
				0A2A38651F3B33D400BFA696 /* RestaurantList */,
			);
			path = Main;
			sourceTree = "<group>";
		};
		0A2A38651F3B33D400BFA696 /* RestaurantList */ = {
			isa = PBXGroup;
			children = (
				0A2A38661F3B33F400BFA696 /* RestaurantItem.swift */,
			);
			path = RestaurantList;
			sourceTree = "<group>";
		};
		0A2A38681F3B3B8900BFA696 /* Base */ = {
			isa = PBXGroup;
			children = (
				0A2A38691F3B3BAF00BFA696 /* BaseController.swift */,
			);
			path = Base;
			sourceTree = "<group>";
		};
		0A2A386B1F3B3BD800BFA696 /* ThemeManager */ = {
			isa = PBXGroup;
			children = (
				0A2A386C1F3B3BFD00BFA696 /* ThemeManager.swift */,
			);
			path = ThemeManager;
			sourceTree = "<group>";
		};
		0A2A386E1F3B3D7900BFA696 /* RestaurantList */ = {
			isa = PBXGroup;
			children = (
				0A2A386F1F3B3D9300BFA696 /* RestaurantListController.swift */,
			);
			path = RestaurantList;
			sourceTree = "<group>";
		};
		0A2A38711F3B3DF000BFA696 /* RestaurantList */ = {
			isa = PBXGroup;
			children = (
				0A2A38741F3B3E9F00BFA696 /* RestaurantListCell.swift */,
			);
			path = RestaurantList;
			sourceTree = "<group>";
		};
		0A2A38721F3B3E1400BFA696 /* Main */ = {
			isa = PBXGroup;
			children = (
				0A2A38731F3B3E2400BFA696 /* RestaurantList */,
			);
			path = Main;
			sourceTree = "<group>";
		};
		0A2A38731F3B3E2400BFA696 /* RestaurantList */ = {
			isa = PBXGroup;
			children = (
				0A67A9BE1F3B4BDC0065C389 /* RestaurantListViewModel.swift */,
			);
			path = RestaurantList;
			sourceTree = "<group>";
		};
		0A3D2EC91F3DD2AE00DF86CC /* UIAlertController */ = {
			isa = PBXGroup;
			children = (
				0A3D2ECA1F3DD2E100DF86CC /* UIAlertController+Extensions.swift */,
			);
			path = UIAlertController;
			sourceTree = "<group>";
		};
		0A3D2ECC1F3DF47500DF86CC /* FavouriteList */ = {
			isa = PBXGroup;
			children = (
				0A3D2ECD1F3DF4A500DF86CC /* FavouriteItem.swift */,
			);
			path = FavouriteList;
			sourceTree = "<group>";
		};
		0A3D2ED31F3DFDCE00DF86CC /* FavouriteList */ = {
			isa = PBXGroup;
			children = (
				0A3D2ED41F3DFDF300DF86CC /* FavouriteListController.swift */,
			);
			path = FavouriteList;
			sourceTree = "<group>";
		};
		0A41D1E11F40F5E1006E7A8A /* RestaurantDetail */ = {
			isa = PBXGroup;
			children = (
				0A41D1E21F40F5FE006E7A8A /* RestaurantDetailController.swift */,
			);
			name = RestaurantDetail;
			path = Main/RestaurantDetail;
			sourceTree = "<group>";
		};
		0A54FE921F44B3F000DEA50D /* DataSource */ = {
			isa = PBXGroup;
			children = (
				0A1CF8E11F4653D800B83C6A /* RestaurantDetail */,
				0A567B941F4600660012697B /* FavouriteList */,
				0A54FE931F44B40B00DEA50D /* RestaurantList */,
			);
			path = DataSource;
			sourceTree = "<group>";
		};
		0A54FE931F44B40B00DEA50D /* RestaurantList */ = {
			isa = PBXGroup;
			children = (
				0A41D2101F41F9EB006E7A8A /* RestaurantListDataSource.swift */,
			);
			path = RestaurantList;
			sourceTree = "<group>";
		};
		0A567B941F4600660012697B /* FavouriteList */ = {
			isa = PBXGroup;
			children = (
				0A567B951F4601090012697B /* FavouriteListDataSource.swift */,
			);
			path = FavouriteList;
			sourceTree = "<group>";
		};
		0A67A9C01F3B50B50065C389 /* Extensions */ = {
			isa = PBXGroup;
			children = (
				0A3D2EC91F3DD2AE00DF86CC /* UIAlertController */,
				0A67A9C81F3B5A4C0065C389 /* UIColor */,
				0A67A9C11F3B50FA0065C389 /* Numbers */,
			);
			path = Extensions;
			sourceTree = "<group>";
		};
		0A67A9C11F3B50FA0065C389 /* Numbers */ = {
			isa = PBXGroup;
			children = (
				0A67A9C21F3B51190065C389 /* Meter+Double.swift */,
			);
			path = Numbers;
			sourceTree = "<group>";
		};
		0A67A9C41F3B558C0065C389 /* Custom */ = {
			isa = PBXGroup;
			children = (
				0A67A9C51F3B55B90065C389 /* Buttons */,
			);
			path = Custom;
			sourceTree = "<group>";
		};
		0A67A9C51F3B55B90065C389 /* Buttons */ = {
			isa = PBXGroup;
			children = (
				0A67A9C61F3B55CE0065C389 /* FloatingButton.swift */,
			);
			path = Buttons;
			sourceTree = "<group>";
		};
		0A67A9C81F3B5A4C0065C389 /* UIColor */ = {
			isa = PBXGroup;
			children = (
				0A67A9C91F3B5A6C0065C389 /* UIColor+Extensions.swift */,
			);
			path = UIColor;
			sourceTree = "<group>";
		};
		0A9BBC48212C90A400B13363 /* Coordinators */ = {
			isa = PBXGroup;
			children = (
				0A9BBC49212C910500B13363 /* Base */,
				0A9BBC4F212C915C00B13363 /* App */,
				0A9BBC55212C97C600B13363 /* RestaurantList */,
				0A9BBC4C212C912000B13363 /* RestaurantDetail */,
				0A9BBC52212C953C00B13363 /* FavouriteList */,
			);
			path = Coordinators;
			sourceTree = "<group>";
		};
		0A9BBC49212C910500B13363 /* Base */ = {
			isa = PBXGroup;
			children = (
				0A9BBC4A212C911400B13363 /* Coordinator.swift */,
			);
			path = Base;
			sourceTree = "<group>";
		};
		0A9BBC4C212C912000B13363 /* RestaurantDetail */ = {
			isa = PBXGroup;
			children = (
				0A9BBC4D212C913600B13363 /* RestaurantDetailCoordinator.swift */,
			);
			path = RestaurantDetail;
			sourceTree = "<group>";
		};
		0A9BBC4F212C915C00B13363 /* App */ = {
			isa = PBXGroup;
			children = (
				0A9BBC50212C91C800B13363 /* AppCoordinator.swift */,
			);
			path = App;
			sourceTree = "<group>";
		};
		0A9BBC52212C953C00B13363 /* FavouriteList */ = {
			isa = PBXGroup;
			children = (
				0A9BBC53212C955F00B13363 /* FavouriteListCoordinator.swift */,
			);
			path = FavouriteList;
			sourceTree = "<group>";
		};
		0A9BBC55212C97C600B13363 /* RestaurantList */ = {
			isa = PBXGroup;
			children = (
				0A9BBC56212C97E700B13363 /* RestaurantListCoordinator.swift */,
			);
			path = RestaurantList;
			sourceTree = "<group>";
		};
		0AAD9B12212B7E510077C716 /* Provider */ = {
			isa = PBXGroup;
			children = (
				0AAD9B16212B7F890077C716 /* Restaurant */,
			);
			path = Provider;
			sourceTree = "<group>";
		};
		0AAD9B13212B7E5B0077C716 /* Logger */ = {
			isa = PBXGroup;
			children = (
				0AB4277D1F3B78C3003291E8 /* WebServiceLogger.swift */,
			);
			path = Logger;
			sourceTree = "<group>";
		};
		0AAD9B16212B7F890077C716 /* Restaurant */ = {
			isa = PBXGroup;
			children = (
				0A2A38611F3B336C00BFA696 /* RestaurantServiceEndPoint.swift */,
				0AAD9B22212B8EF80077C716 /* RestaurantServiceProvider.swift */,
				0AAD9B1C212B81600077C716 /* RestaurantServiceError.swift */,
			);
			path = Restaurant;
			sourceTree = "<group>";
		};
		0AAD9B1E212B87FD0077C716 /* Defines */ = {
			isa = PBXGroup;
			children = (
				0AAD9B1F212B880E0077C716 /* Config */,
			);
			path = Defines;
			sourceTree = "<group>";
		};
		0AAD9B1F212B880E0077C716 /* Config */ = {
			isa = PBXGroup;
			children = (
				0AAD9B20212B88170077C716 /* Config.swift */,
			);
			path = Config;
			sourceTree = "<group>";
		};
		0AAD9B24212B90250077C716 /* Base */ = {
			isa = PBXGroup;
			children = (
				0AAD9B25212B905A0077C716 /* Requestable.swift */,
			);
			path = Base;
			sourceTree = "<group>";
		};
		0AEC46A51F3EE84A001C54A0 /* Filter */ = {
			isa = PBXGroup;
			children = (
				0AEC46A61F3EE88B001C54A0 /* RestaurantFilterController.swift */,
			);
			path = Filter;
			sourceTree = "<group>";
		};
		0AEC46A81F3F04EF001C54A0 /* FavouriteList */ = {
			isa = PBXGroup;
			children = (
				0AEC46A91F3F052E001C54A0 /* FavouriteListCell.swift */,
			);
			path = FavouriteList;
			sourceTree = "<group>";
		};
		0AEC46AF1F3F2E69001C54A0 /* Filter */ = {
			isa = PBXGroup;
			children = (
				0AEC46B01F3F2E9C001C54A0 /* RestaurantFilterListCell.swift */,
			);
			path = Filter;
			sourceTree = "<group>";
		};
		0AEC46B21F3F339D001C54A0 /* Filter */ = {
			isa = PBXGroup;
			children = (
				0AEC46B31F3F33B8001C54A0 /* RestaurantFilterListViewModel.swift */,
			);
			path = Filter;
			sourceTree = "<group>";
		};
		0AEC46B51F3F36E3001C54A0 /* Filter */ = {
			isa = PBXGroup;
			children = (
				0AEC46B61F3F36F9001C54A0 /* FilterItem.swift */,
				0A41D2121F41FB94006E7A8A /* Sorting.swift */,
			);
			path = Filter;
			sourceTree = "<group>";
		};
		0AEC46B81F3F3EF2001C54A0 /* Transitions */ = {
			isa = PBXGroup;
			children = (
				0AEC46B91F3F3F14001C54A0 /* CircularTransition.swift */,
			);
			path = Transitions;
			sourceTree = "<group>";
		};
		4F03834E12BE47A871384BC7 /* Pods */ = {
			isa = PBXGroup;
			children = (
				9CC259AE6D288322A65561E4 /* Pods-FavouriteRestaurants.debug.xcconfig */,
				861576B4EE09B889562D20DC /* Pods-FavouriteRestaurants.release.xcconfig */,
				7968C3F884711817301BB767 /* Pods-FavouriteRestaurantsTests.debug.xcconfig */,
				E65995A032E079AE6CA6B0F2 /* Pods-FavouriteRestaurantsTests.release.xcconfig */,
			);
			name = Pods;
			sourceTree = "<group>";
		};
		CE2A5EB4CF69D0B29264310D /* Frameworks */ = {
			isa = PBXGroup;
			children = (
				4B272B34D5C46847585ECD8D /* Pods_FavouriteRestaurants.framework */,
				B28A60BE8A702FFD05B8788C /* Pods_FavouriteRestaurantsTests.framework */,
			);
			name = Frameworks;
			sourceTree = "<group>";
		};
/* End PBXGroup section */

/* Begin PBXNativeTarget section */
		0A1A32871F3A08A90074C78B /* FavouriteRestaurants */ = {
			isa = PBXNativeTarget;
			buildConfigurationList = 0A1A32A51F3A08A90074C78B /* Build configuration list for PBXNativeTarget "FavouriteRestaurants" */;
			buildPhases = (
				CD8568C5E206494673764D15 /* [CP] Check Pods Manifest.lock */,
				0A1A32841F3A08A90074C78B /* Sources */,
				0A1A32851F3A08A90074C78B /* Frameworks */,
				0A1A32861F3A08A90074C78B /* Resources */,
				F3645F835FB2ECC520B9E36A /* [CP] Embed Pods Frameworks */,
				8ABD57B77AFD453CBC0DFF04 /* [CP] Copy Pods Resources */,
			);
			buildRules = (
			);
			dependencies = (
			);
			name = FavouriteRestaurants;
			productName = FavouriteRestaurants;
			productReference = 0A1A32881F3A08A90074C78B /* FavouriteRestaurants.app */;
			productType = "com.apple.product-type.application";
		};
		0A1A329B1F3A08A90074C78B /* FavouriteRestaurantsTests */ = {
			isa = PBXNativeTarget;
			buildConfigurationList = 0A1A32A81F3A08A90074C78B /* Build configuration list for PBXNativeTarget "FavouriteRestaurantsTests" */;
			buildPhases = (
				62C14F59F539F86345FE2313 /* [CP] Check Pods Manifest.lock */,
				0A1A32981F3A08A90074C78B /* Sources */,
				0A1A32991F3A08A90074C78B /* Frameworks */,
				0A1A329A1F3A08A90074C78B /* Resources */,
				F51312480AF53D05A8C61DE9 /* [CP] Embed Pods Frameworks */,
				813E1CE1C7CB34DC769290A8 /* [CP] Copy Pods Resources */,
			);
			buildRules = (
			);
			dependencies = (
				0A1A329E1F3A08A90074C78B /* PBXTargetDependency */,
			);
			name = FavouriteRestaurantsTests;
			productName = FavouriteRestaurantsTests;
			productReference = 0A1A329C1F3A08A90074C78B /* FavouriteRestaurantsTests.xctest */;
			productType = "com.apple.product-type.bundle.unit-test";
		};
/* End PBXNativeTarget section */

/* Begin PBXProject section */
		0A1A32801F3A08A90074C78B /* Project object */ = {
			isa = PBXProject;
			attributes = {
				LastSwiftUpdateCheck = 0830;
				LastUpgradeCheck = 0830;
				ORGANIZATIONNAME = "Serhat Sezer";
				TargetAttributes = {
					0A1A32871F3A08A90074C78B = {
						CreatedOnToolsVersion = 8.3.3;
						ProvisioningStyle = Manual;
					};
					0A1A329B1F3A08A90074C78B = {
						CreatedOnToolsVersion = 8.3.3;
						ProvisioningStyle = Automatic;
						TestTargetID = 0A1A32871F3A08A90074C78B;
					};
				};
			};
			buildConfigurationList = 0A1A32831F3A08A90074C78B /* Build configuration list for PBXProject "FavouriteRestaurants" */;
			compatibilityVersion = "Xcode 3.2";
			developmentRegion = English;
			hasScannedForEncodings = 0;
			knownRegions = (
				en,
				Base,
			);
			mainGroup = 0A1A327F1F3A08A90074C78B;
			productRefGroup = 0A1A32891F3A08A90074C78B /* Products */;
			projectDirPath = "";
			projectRoot = "";
			targets = (
				0A1A32871F3A08A90074C78B /* FavouriteRestaurants */,
				0A1A329B1F3A08A90074C78B /* FavouriteRestaurantsTests */,
			);
		};
/* End PBXProject section */

/* Begin PBXResourcesBuildPhase section */
		0A1A32861F3A08A90074C78B /* Resources */ = {
			isa = PBXResourcesBuildPhase;
			buildActionMask = 2147483647;
			files = (
				0A2A38601F3B32A400BFA696 /* restaurants.json in Resources */,
				0AEC46AE1F3F090A001C54A0 /* RestaurantList.storyboard in Resources */,
				0AEC46AC1F3F0845001C54A0 /* FavoruiteList.storyboard in Resources */,
				0A54FE951F44BB7C00DEA50D /* RestaurantDetail.storyboard in Resources */,
				0A1A32B41F3A099B0074C78B /* LaunchScreen.storyboard in Resources */,
				0A1A32B71F3A09A30074C78B /* Assets.xcassets in Resources */,
			);
			runOnlyForDeploymentPostprocessing = 0;
		};
		0A1A329A1F3A08A90074C78B /* Resources */ = {
			isa = PBXResourcesBuildPhase;
			buildActionMask = 2147483647;
			files = (
			);
			runOnlyForDeploymentPostprocessing = 0;
		};
/* End PBXResourcesBuildPhase section */

/* Begin PBXShellScriptBuildPhase section */
		62C14F59F539F86345FE2313 /* [CP] Check Pods Manifest.lock */ = {
			isa = PBXShellScriptBuildPhase;
			buildActionMask = 2147483647;
			files = (
			);
			inputPaths = (
				"${PODS_PODFILE_DIR_PATH}/Podfile.lock",
				"${PODS_ROOT}/Manifest.lock",
			);
			name = "[CP] Check Pods Manifest.lock";
			outputPaths = (
				"$(DERIVED_FILE_DIR)/Pods-FavouriteRestaurantsTests-checkManifestLockResult.txt",
			);
			runOnlyForDeploymentPostprocessing = 0;
			shellPath = /bin/sh;
			shellScript = "diff \"${PODS_PODFILE_DIR_PATH}/Podfile.lock\" \"${PODS_ROOT}/Manifest.lock\" > /dev/null\nif [ $? != 0 ] ; then\n    # print error to STDERR\n    echo \"error: The sandbox is not in sync with the Podfile.lock. Run 'pod install' or update your CocoaPods installation.\" >&2\n    exit 1\nfi\n# This output is used by Xcode 'outputs' to avoid re-running this script phase.\necho \"SUCCESS\" > \"${SCRIPT_OUTPUT_FILE_0}\"\n";
			showEnvVarsInLog = 0;
		};
		813E1CE1C7CB34DC769290A8 /* [CP] Copy Pods Resources */ = {
			isa = PBXShellScriptBuildPhase;
			buildActionMask = 2147483647;
			files = (
			);
			inputPaths = (
			);
			name = "[CP] Copy Pods Resources";
			outputPaths = (
			);
			runOnlyForDeploymentPostprocessing = 0;
			shellPath = /bin/sh;
			shellScript = "\"${SRCROOT}/Pods/Target Support Files/Pods-FavouriteRestaurantsTests/Pods-FavouriteRestaurantsTests-resources.sh\"\n";
			showEnvVarsInLog = 0;
		};
		8ABD57B77AFD453CBC0DFF04 /* [CP] Copy Pods Resources */ = {
			isa = PBXShellScriptBuildPhase;
			buildActionMask = 2147483647;
			files = (
			);
			inputPaths = (
			);
			name = "[CP] Copy Pods Resources";
			outputPaths = (
			);
			runOnlyForDeploymentPostprocessing = 0;
			shellPath = /bin/sh;
			shellScript = "\"${SRCROOT}/Pods/Target Support Files/Pods-FavouriteRestaurants/Pods-FavouriteRestaurants-resources.sh\"\n";
			showEnvVarsInLog = 0;
		};
		CD8568C5E206494673764D15 /* [CP] Check Pods Manifest.lock */ = {
			isa = PBXShellScriptBuildPhase;
			buildActionMask = 2147483647;
			files = (
			);
			inputPaths = (
				"${PODS_PODFILE_DIR_PATH}/Podfile.lock",
				"${PODS_ROOT}/Manifest.lock",
			);
			name = "[CP] Check Pods Manifest.lock";
			outputPaths = (
				"$(DERIVED_FILE_DIR)/Pods-FavouriteRestaurants-checkManifestLockResult.txt",
			);
			runOnlyForDeploymentPostprocessing = 0;
			shellPath = /bin/sh;
			shellScript = "diff \"${PODS_PODFILE_DIR_PATH}/Podfile.lock\" \"${PODS_ROOT}/Manifest.lock\" > /dev/null\nif [ $? != 0 ] ; then\n    # print error to STDERR\n    echo \"error: The sandbox is not in sync with the Podfile.lock. Run 'pod install' or update your CocoaPods installation.\" >&2\n    exit 1\nfi\n# This output is used by Xcode 'outputs' to avoid re-running this script phase.\necho \"SUCCESS\" > \"${SCRIPT_OUTPUT_FILE_0}\"\n";
			showEnvVarsInLog = 0;
		};
		F3645F835FB2ECC520B9E36A /* [CP] Embed Pods Frameworks */ = {
			isa = PBXShellScriptBuildPhase;
			buildActionMask = 2147483647;
			files = (
			);
			inputPaths = (
				"${SRCROOT}/Pods/Target Support Files/Pods-FavouriteRestaurants/Pods-FavouriteRestaurants-frameworks.sh",
				"${BUILT_PRODUCTS_DIR}/Alamofire/Alamofire.framework",
				"${BUILT_PRODUCTS_DIR}/Cosmos/Cosmos.framework",
				"${BUILT_PRODUCTS_DIR}/Moya/Moya.framework",
				"${BUILT_PRODUCTS_DIR}/Realm/Realm.framework",
				"${BUILT_PRODUCTS_DIR}/RealmSwift/RealmSwift.framework",
				"${BUILT_PRODUCTS_DIR}/Result/Result.framework",
				"${BUILT_PRODUCTS_DIR}/RxCocoa/RxCocoa.framework",
				"${BUILT_PRODUCTS_DIR}/RxSwift/RxSwift.framework",
			);
			name = "[CP] Embed Pods Frameworks";
			outputPaths = (
				"${TARGET_BUILD_DIR}/${FRAMEWORKS_FOLDER_PATH}/Alamofire.framework",
				"${TARGET_BUILD_DIR}/${FRAMEWORKS_FOLDER_PATH}/Cosmos.framework",
				"${TARGET_BUILD_DIR}/${FRAMEWORKS_FOLDER_PATH}/Moya.framework",
				"${TARGET_BUILD_DIR}/${FRAMEWORKS_FOLDER_PATH}/Realm.framework",
				"${TARGET_BUILD_DIR}/${FRAMEWORKS_FOLDER_PATH}/RealmSwift.framework",
				"${TARGET_BUILD_DIR}/${FRAMEWORKS_FOLDER_PATH}/Result.framework",
				"${TARGET_BUILD_DIR}/${FRAMEWORKS_FOLDER_PATH}/RxCocoa.framework",
				"${TARGET_BUILD_DIR}/${FRAMEWORKS_FOLDER_PATH}/RxSwift.framework",
			);
			runOnlyForDeploymentPostprocessing = 0;
			shellPath = /bin/sh;
			shellScript = "\"${SRCROOT}/Pods/Target Support Files/Pods-FavouriteRestaurants/Pods-FavouriteRestaurants-frameworks.sh\"\n";
			showEnvVarsInLog = 0;
		};
		F51312480AF53D05A8C61DE9 /* [CP] Embed Pods Frameworks */ = {
			isa = PBXShellScriptBuildPhase;
			buildActionMask = 2147483647;
			files = (
			);
			inputPaths = (
				"${SRCROOT}/Pods/Target Support Files/Pods-FavouriteRestaurantsTests/Pods-FavouriteRestaurantsTests-frameworks.sh",
				"${BUILT_PRODUCTS_DIR}/Nimble/Nimble.framework",
				"${BUILT_PRODUCTS_DIR}/Quick/Quick.framework",
			);
			name = "[CP] Embed Pods Frameworks";
			outputPaths = (
				"${TARGET_BUILD_DIR}/${FRAMEWORKS_FOLDER_PATH}/Nimble.framework",
				"${TARGET_BUILD_DIR}/${FRAMEWORKS_FOLDER_PATH}/Quick.framework",
			);
			runOnlyForDeploymentPostprocessing = 0;
			shellPath = /bin/sh;
			shellScript = "\"${SRCROOT}/Pods/Target Support Files/Pods-FavouriteRestaurantsTests/Pods-FavouriteRestaurantsTests-frameworks.sh\"\n";
			showEnvVarsInLog = 0;
		};
/* End PBXShellScriptBuildPhase section */

/* Begin PBXSourcesBuildPhase section */
		0A1A32841F3A08A90074C78B /* Sources */ = {
			isa = PBXSourcesBuildPhase;
			buildActionMask = 2147483647;
			files = (
				0A3D2ECB1F3DD2E100DF86CC /* UIAlertController+Extensions.swift in Sources */,
				0AAD9B23212B8EF80077C716 /* RestaurantServiceProvider.swift in Sources */,
				0A1A328C1F3A08A90074C78B /* AppDelegate.swift in Sources */,
				0AEC46AA1F3F052E001C54A0 /* FavouriteListCell.swift in Sources */,
				0A9BBC54212C955F00B13363 /* FavouriteListCoordinator.swift in Sources */,
				0A41D1E31F40F5FE006E7A8A /* RestaurantDetailController.swift in Sources */,
				0A3D2ECE1F3DF4A500DF86CC /* FavouriteItem.swift in Sources */,
				0A9BBC57212C97E700B13363 /* RestaurantListCoordinator.swift in Sources */,
				0A1CF8E31F4653F800B83C6A /* RestaurantDetailDataSource.swift in Sources */,
				0AAD9B26212B905A0077C716 /* Requestable.swift in Sources */,
				0A2A38751F3B3E9F00BFA696 /* RestaurantListCell.swift in Sources */,
				0AEC46B41F3F33B9001C54A0 /* RestaurantFilterListViewModel.swift in Sources */,
				0A2A386A1F3B3BAF00BFA696 /* BaseController.swift in Sources */,
				0A41D2131F41FB94006E7A8A /* Sorting.swift in Sources */,
				0A41D2111F41F9EB006E7A8A /* RestaurantListDataSource.swift in Sources */,
				0AEC46A71F3EE88B001C54A0 /* RestaurantFilterController.swift in Sources */,
				0A67A9C31F3B51190065C389 /* Meter+Double.swift in Sources */,
				0A2A38621F3B336C00BFA696 /* RestaurantServiceEndPoint.swift in Sources */,
				0A9BBC4B212C911400B13363 /* Coordinator.swift in Sources */,
				0A9BBC51212C91C800B13363 /* AppCoordinator.swift in Sources */,
				0A2A38671F3B33F400BFA696 /* RestaurantItem.swift in Sources */,
				0A67A9BF1F3B4BDC0065C389 /* RestaurantListViewModel.swift in Sources */,
				0AEC46B11F3F2E9C001C54A0 /* RestaurantFilterListCell.swift in Sources */,
				0AEC46B71F3F36F9001C54A0 /* FilterItem.swift in Sources */,
				0AB4277E1F3B78C3003291E8 /* WebServiceLogger.swift in Sources */,
				0AAD9B1D212B81600077C716 /* RestaurantServiceError.swift in Sources */,
				0AEC46BA1F3F3F14001C54A0 /* CircularTransition.swift in Sources */,
				0A1CF8E01F46539A00B83C6A /* RestaurantDetailListCell.swift in Sources */,
				0A567B961F4601090012697B /* FavouriteListDataSource.swift in Sources */,
				0A67A9C71F3B55CE0065C389 /* FloatingButton.swift in Sources */,
				0A3D2ED51F3DFDF300DF86CC /* FavouriteListController.swift in Sources */,
				0A2A38701F3B3D9300BFA696 /* RestaurantListController.swift in Sources */,
				0AAD9B21212B88170077C716 /* Config.swift in Sources */,
				0A9BBC4E212C913600B13363 /* RestaurantDetailCoordinator.swift in Sources */,
				0A67A9CA1F3B5A6C0065C389 /* UIColor+Extensions.swift in Sources */,
				0A2A386D1F3B3BFD00BFA696 /* ThemeManager.swift in Sources */,
			);
			runOnlyForDeploymentPostprocessing = 0;
		};
		0A1A32981F3A08A90074C78B /* Sources */ = {
			isa = PBXSourcesBuildPhase;
			buildActionMask = 2147483647;
			files = (
				0A1A32A11F3A08A90074C78B /* FavouriteRestaurantsTests.swift in Sources */,
				0ACAD58B1F46101500B04949 /* RestaurantItem.swift in Sources */,
				0ACAD58A1F46100F00B04949 /* RestaurantListViewModel.swift in Sources */,
				0ACAD58D1F46108000B04949 /* Meter+Double.swift in Sources */,
				0ACAD5911F4616CB00B04949 /* RestaurantListDataSource.swift in Sources */,
			);
			runOnlyForDeploymentPostprocessing = 0;
		};
/* End PBXSourcesBuildPhase section */

/* Begin PBXTargetDependency section */
		0A1A329E1F3A08A90074C78B /* PBXTargetDependency */ = {
			isa = PBXTargetDependency;
			target = 0A1A32871F3A08A90074C78B /* FavouriteRestaurants */;
			targetProxy = 0A1A329D1F3A08A90074C78B /* PBXContainerItemProxy */;
		};
/* End PBXTargetDependency section */

/* Begin XCBuildConfiguration section */
		0A1A32A31F3A08A90074C78B /* Debug */ = {
			isa = XCBuildConfiguration;
			buildSettings = {
				ALWAYS_SEARCH_USER_PATHS = NO;
				CLANG_ANALYZER_NONNULL = YES;
				CLANG_ANALYZER_NUMBER_OBJECT_CONVERSION = YES_AGGRESSIVE;
				CLANG_CXX_LANGUAGE_STANDARD = "gnu++0x";
				CLANG_CXX_LIBRARY = "libc++";
				CLANG_ENABLE_MODULES = YES;
				CLANG_ENABLE_OBJC_ARC = YES;
				CLANG_WARN_BOOL_CONVERSION = YES;
				CLANG_WARN_CONSTANT_CONVERSION = YES;
				CLANG_WARN_DIRECT_OBJC_ISA_USAGE = YES_ERROR;
				CLANG_WARN_DOCUMENTATION_COMMENTS = YES;
				CLANG_WARN_EMPTY_BODY = YES;
				CLANG_WARN_ENUM_CONVERSION = YES;
				CLANG_WARN_INFINITE_RECURSION = YES;
				CLANG_WARN_INT_CONVERSION = YES;
				CLANG_WARN_OBJC_ROOT_CLASS = YES_ERROR;
				CLANG_WARN_SUSPICIOUS_MOVE = YES;
				CLANG_WARN_UNREACHABLE_CODE = YES;
				CLANG_WARN__DUPLICATE_METHOD_MATCH = YES;
				"CODE_SIGN_IDENTITY[sdk=iphoneos*]" = "iPhone Developer";
				COPY_PHASE_STRIP = NO;
				DEBUG_INFORMATION_FORMAT = dwarf;
				ENABLE_STRICT_OBJC_MSGSEND = YES;
				ENABLE_TESTABILITY = YES;
				GCC_C_LANGUAGE_STANDARD = gnu99;
				GCC_DYNAMIC_NO_PIC = NO;
				GCC_NO_COMMON_BLOCKS = YES;
				GCC_OPTIMIZATION_LEVEL = 0;
				GCC_PREPROCESSOR_DEFINITIONS = (
					"DEBUG=1",
					"$(inherited)",
				);
				GCC_WARN_64_TO_32_BIT_CONVERSION = YES;
				GCC_WARN_ABOUT_RETURN_TYPE = YES_ERROR;
				GCC_WARN_UNDECLARED_SELECTOR = YES;
				GCC_WARN_UNINITIALIZED_AUTOS = YES_AGGRESSIVE;
				GCC_WARN_UNUSED_FUNCTION = YES;
				GCC_WARN_UNUSED_VARIABLE = YES;
				IPHONEOS_DEPLOYMENT_TARGET = 10.3;
				MTL_ENABLE_DEBUG_INFO = YES;
				ONLY_ACTIVE_ARCH = YES;
				SDKROOT = iphoneos;
				SWIFT_ACTIVE_COMPILATION_CONDITIONS = DEBUG;
				SWIFT_OPTIMIZATION_LEVEL = "-Onone";
				TARGETED_DEVICE_FAMILY = "1,2";
			};
			name = Debug;
		};
		0A1A32A41F3A08A90074C78B /* Release */ = {
			isa = XCBuildConfiguration;
			buildSettings = {
				ALWAYS_SEARCH_USER_PATHS = NO;
				CLANG_ANALYZER_NONNULL = YES;
				CLANG_ANALYZER_NUMBER_OBJECT_CONVERSION = YES_AGGRESSIVE;
				CLANG_CXX_LANGUAGE_STANDARD = "gnu++0x";
				CLANG_CXX_LIBRARY = "libc++";
				CLANG_ENABLE_MODULES = YES;
				CLANG_ENABLE_OBJC_ARC = YES;
				CLANG_WARN_BOOL_CONVERSION = YES;
				CLANG_WARN_CONSTANT_CONVERSION = YES;
				CLANG_WARN_DIRECT_OBJC_ISA_USAGE = YES_ERROR;
				CLANG_WARN_DOCUMENTATION_COMMENTS = YES;
				CLANG_WARN_EMPTY_BODY = YES;
				CLANG_WARN_ENUM_CONVERSION = YES;
				CLANG_WARN_INFINITE_RECURSION = YES;
				CLANG_WARN_INT_CONVERSION = YES;
				CLANG_WARN_OBJC_ROOT_CLASS = YES_ERROR;
				CLANG_WARN_SUSPICIOUS_MOVE = YES;
				CLANG_WARN_UNREACHABLE_CODE = YES;
				CLANG_WARN__DUPLICATE_METHOD_MATCH = YES;
				"CODE_SIGN_IDENTITY[sdk=iphoneos*]" = "iPhone Developer";
				COPY_PHASE_STRIP = NO;
				DEBUG_INFORMATION_FORMAT = "dwarf-with-dsym";
				ENABLE_NS_ASSERTIONS = NO;
				ENABLE_STRICT_OBJC_MSGSEND = YES;
				GCC_C_LANGUAGE_STANDARD = gnu99;
				GCC_NO_COMMON_BLOCKS = YES;
				GCC_WARN_64_TO_32_BIT_CONVERSION = YES;
				GCC_WARN_ABOUT_RETURN_TYPE = YES_ERROR;
				GCC_WARN_UNDECLARED_SELECTOR = YES;
				GCC_WARN_UNINITIALIZED_AUTOS = YES_AGGRESSIVE;
				GCC_WARN_UNUSED_FUNCTION = YES;
				GCC_WARN_UNUSED_VARIABLE = YES;
				IPHONEOS_DEPLOYMENT_TARGET = 10.3;
				MTL_ENABLE_DEBUG_INFO = NO;
				SDKROOT = iphoneos;
				SWIFT_OPTIMIZATION_LEVEL = "-Owholemodule";
				TARGETED_DEVICE_FAMILY = "1,2";
				VALIDATE_PRODUCT = YES;
			};
			name = Release;
		};
		0A1A32A61F3A08A90074C78B /* Debug */ = {
			isa = XCBuildConfiguration;
			baseConfigurationReference = 9CC259AE6D288322A65561E4 /* Pods-FavouriteRestaurants.debug.xcconfig */;
			buildSettings = {
				ASSETCATALOG_COMPILER_APPICON_NAME = AppIcon;
				DEVELOPMENT_TEAM = "";
				INFOPLIST_FILE = FavouriteRestaurants/Info.plist;
				IPHONEOS_DEPLOYMENT_TARGET = 9.0;
				LD_RUNPATH_SEARCH_PATHS = "$(inherited) @executable_path/Frameworks";
				PRODUCT_BUNDLE_IDENTIFIER = com.serhatsezer.FavouriteRestaurants;
				PRODUCT_NAME = "$(TARGET_NAME)";
				PROVISIONING_PROFILE_SPECIFIER = "";
				SWIFT_VERSION = 3.0;
			};
			name = Debug;
		};
		0A1A32A71F3A08A90074C78B /* Release */ = {
			isa = XCBuildConfiguration;
			baseConfigurationReference = 861576B4EE09B889562D20DC /* Pods-FavouriteRestaurants.release.xcconfig */;
			buildSettings = {
				ASSETCATALOG_COMPILER_APPICON_NAME = AppIcon;
				DEVELOPMENT_TEAM = "";
				INFOPLIST_FILE = FavouriteRestaurants/Info.plist;
				IPHONEOS_DEPLOYMENT_TARGET = 9.0;
				LD_RUNPATH_SEARCH_PATHS = "$(inherited) @executable_path/Frameworks";
				PRODUCT_BUNDLE_IDENTIFIER = com.serhatsezer.FavouriteRestaurants;
				PRODUCT_NAME = "$(TARGET_NAME)";
				PROVISIONING_PROFILE_SPECIFIER = "";
				SWIFT_VERSION = 3.0;
			};
			name = Release;
		};
		0A1A32A91F3A08A90074C78B /* Debug */ = {
			isa = XCBuildConfiguration;
			baseConfigurationReference = 7968C3F884711817301BB767 /* Pods-FavouriteRestaurantsTests.debug.xcconfig */;
			buildSettings = {
				ALWAYS_EMBED_SWIFT_STANDARD_LIBRARIES = YES;
				BUNDLE_LOADER = "$(TEST_HOST)";
				INFOPLIST_FILE = FavouriteRestaurantsTests/Info.plist;
				LD_RUNPATH_SEARCH_PATHS = "$(inherited) @executable_path/Frameworks @loader_path/Frameworks";
				PRODUCT_BUNDLE_IDENTIFIER = com.serhatsezer.FavouriteRestaurantsTests;
				PRODUCT_NAME = "$(TARGET_NAME)";
				SWIFT_VERSION = 3.0;
				TEST_HOST = "$(BUILT_PRODUCTS_DIR)/FavouriteRestaurants.app/FavouriteRestaurants";
			};
			name = Debug;
		};
		0A1A32AA1F3A08A90074C78B /* Release */ = {
			isa = XCBuildConfiguration;
			baseConfigurationReference = E65995A032E079AE6CA6B0F2 /* Pods-FavouriteRestaurantsTests.release.xcconfig */;
			buildSettings = {
				ALWAYS_EMBED_SWIFT_STANDARD_LIBRARIES = YES;
				BUNDLE_LOADER = "$(TEST_HOST)";
				INFOPLIST_FILE = FavouriteRestaurantsTests/Info.plist;
				LD_RUNPATH_SEARCH_PATHS = "$(inherited) @executable_path/Frameworks @loader_path/Frameworks";
				PRODUCT_BUNDLE_IDENTIFIER = com.serhatsezer.FavouriteRestaurantsTests;
				PRODUCT_NAME = "$(TARGET_NAME)";
				SWIFT_VERSION = 3.0;
				TEST_HOST = "$(BUILT_PRODUCTS_DIR)/FavouriteRestaurants.app/FavouriteRestaurants";
			};
			name = Release;
		};
/* End XCBuildConfiguration section */

/* Begin XCConfigurationList section */
		0A1A32831F3A08A90074C78B /* Build configuration list for PBXProject "FavouriteRestaurants" */ = {
			isa = XCConfigurationList;
			buildConfigurations = (
				0A1A32A31F3A08A90074C78B /* Debug */,
				0A1A32A41F3A08A90074C78B /* Release */,
			);
			defaultConfigurationIsVisible = 0;
			defaultConfigurationName = Release;
		};
		0A1A32A51F3A08A90074C78B /* Build configuration list for PBXNativeTarget "FavouriteRestaurants" */ = {
			isa = XCConfigurationList;
			buildConfigurations = (
				0A1A32A61F3A08A90074C78B /* Debug */,
				0A1A32A71F3A08A90074C78B /* Release */,
			);
			defaultConfigurationIsVisible = 0;
			defaultConfigurationName = Release;
		};
		0A1A32A81F3A08A90074C78B /* Build configuration list for PBXNativeTarget "FavouriteRestaurantsTests" */ = {
			isa = XCConfigurationList;
			buildConfigurations = (
				0A1A32A91F3A08A90074C78B /* Debug */,
				0A1A32AA1F3A08A90074C78B /* Release */,
			);
			defaultConfigurationIsVisible = 0;
			defaultConfigurationName = Release;
		};
/* End XCConfigurationList section */
	};
	rootObject = 0A1A32801F3A08A90074C78B /* Project object */;
}
